
Microsoft Visual Studio Solution File, Format Version 12.00
Project("{FAE04EC0-301F-11D3-BF4B-00C04F79EFBC}") = "ThunderPipe", "ThunderPipe\ThunderPipe.csproj", "{E906BD1F-A27E-453F-BC9D-EDD7AA164806}"
EndProject
Project("{FAE04EC0-301F-11D3-BF4B-00C04F79EFBC}") = "ThunderPipe.Core.Tests", "ThunderPipe.Core.Tests\ThunderPipe.Core.Tests.csproj", "{D2076C3D-0872-4BAF-BDC1-8196142C3944}"
EndProject
Project("{FAE04EC0-301F-11D3-BF4B-00C04F79EFBC}") = "ThunderPipe.Core", "ThunderPipe.Core\ThunderPipe.Core.csproj", "{702DFA41-4650-4C54-B768-2BFC4615A73F}"
EndProject
Project("{FAE04EC0-301F-11D3-BF4B-00C04F79EFBC}") = "ThunderPipe.Sdk", "ThunderPipe.Sdk\ThunderPipe.Sdk.csproj", "{CE8DA7C4-4199-4DA0-8652-26E4FCC57C0B}"
EndProject
Project("{FAE04EC0-301F-11D3-BF4B-00C04F79EFBC}") = "ThunderPipe.MSBuild.Tasks", "ThunderPipe.MSBuild.Tasks\ThunderPipe.MSBuild.Tasks.csproj", "{CC575BAA-AB97-42D7-A9F6-392D83A11051}"
EndProject
Global
	GlobalSection(SolutionConfigurationPlatforms) = preSolution
		Debug|Any CPU = Debug|Any CPU
		Release|Any CPU = Release|Any CPU
	EndGlobalSection
	GlobalSection(ProjectConfigurationPlatforms) = postSolution
		{E906BD1F-A27E-453F-BC9D-EDD7AA164806}.Debug|Any CPU.ActiveCfg = Debug|Any CPU
		{E906BD1F-A27E-453F-BC9D-EDD7AA164806}.Debug|Any CPU.Build.0 = Debug|Any CPU
		{E906BD1F-A27E-453F-BC9D-EDD7AA164806}.Release|Any CPU.ActiveCfg = Release|Any CPU
		{E906BD1F-A27E-453F-BC9D-EDD7AA164806}.Release|Any CPU.Build.0 = Release|Any CPU
		{D2076C3D-0872-4BAF-BDC1-8196142C3944}.Debug|Any CPU.ActiveCfg = Debug|Any CPU
		{D2076C3D-0872-4BAF-BDC1-8196142C3944}.Debug|Any CPU.Build.0 = Debug|Any CPU
		{D2076C3D-0872-4BAF-BDC1-8196142C3944}.Release|Any CPU.ActiveCfg = Release|Any CPU
		{D2076C3D-0872-4BAF-BDC1-8196142C3944}.Release|Any CPU.Build.0 = Release|Any CPU
		{702DFA41-4650-4C54-B768-2BFC4615A73F}.Debug|Any CPU.ActiveCfg = Debug|Any CPU
		{702DFA41-4650-4C54-B768-2BFC4615A73F}.Debug|Any CPU.Build.0 = Debug|Any CPU
		{702DFA41-4650-4C54-B768-2BFC4615A73F}.Release|Any CPU.ActiveCfg = Release|Any CPU
		{702DFA41-4650-4C54-B768-2BFC4615A73F}.Release|Any CPU.Build.0 = Release|Any CPU
		{CE8DA7C4-4199-4DA0-8652-26E4FCC57C0B}.Debug|Any CPU.ActiveCfg = Debug|Any CPU
		{CE8DA7C4-4199-4DA0-8652-26E4FCC57C0B}.Debug|Any CPU.Build.0 = Debug|Any CPU
		{CE8DA7C4-4199-4DA0-8652-26E4FCC57C0B}.Release|Any CPU.ActiveCfg = Release|Any CPU
		{CE8DA7C4-4199-4DA0-8652-26E4FCC57C0B}.Release|Any CPU.Build.0 = Release|Any CPU
		{CC575BAA-AB97-42D7-A9F6-392D83A11051}.Debug|Any CPU.ActiveCfg = Debug|Any CPU
		{CC575BAA-AB97-42D7-A9F6-392D83A11051}.Debug|Any CPU.Build.0 = Debug|Any CPU
		{CC575BAA-AB97-42D7-A9F6-392D83A11051}.Release|Any CPU.ActiveCfg = Release|Any CPU
		{CC575BAA-AB97-42D7-A9F6-392D83A11051}.Release|Any CPU.Build.0 = Release|Any CPU
	EndGlobalSection
EndGlobal
